
Microsoft Visual Studio Solution File, Format Version 12.00
# Visual Studio 15
VisualStudioVersion = 15.0.27703.2035
MinimumVisualStudioVersion = 10.0.40219.1
Project("{FAE04EC0-301F-11D3-BF4B-00C04F79EFBC}") = "SimpleChromePwrec", "DONE\SimpleChromePwrec.csproj", "{DE5784B2-3043-425D-8576-AAE657EBCC3D}"
EndProject
Global
	GlobalSection(SolutionConfigurationPlatforms) = preSolution
		Debug|Any CPU = Debug|Any CPU
		Release|Any CPU = Release|Any CPU
	EndGlobalSection
	GlobalSection(ProjectConfigurationPlatforms) = postSolution
		{DE5784B2-3043-425D-8576-AAE657EBCC3D}.Debug|Any CPU.ActiveCfg = Debug|Any CPU
		{DE5784B2-3043-425D-8576-AAE657EBCC3D}.Debug|Any CPU.Build.0 = Debug|Any CPU
		{DE5784B2-3043-425D-8576-AAE657EBCC3D}.Release|Any CPU.ActiveCfg = Release|Any CPU
		{DE5784B2-3043-425D-8576-AAE657EBCC3D}.Release|Any CPU.Build.0 = Release|Any CPU
	EndGlobalSection
	GlobalSection(SolutionProperties) = preSolution
		HideSolutionNode = FALSE
	EndGlobalSection
	GlobalSection(ExtensibilityGlobals) = postSolution
		SolutionGuid = {373A141C-EE56-40A1-900C-CB10BE3A4053}
	EndGlobalSection
EndGlobal
